Microsoft Visual Studio Solution File, Format Version 12.00
# Visual Studio Version 17
VisualStudioVersion = 17.6.33829.357
MinimumVisualStudioVersion = 10.0.40219.1
Project("{9A19103F-16F7-4668-BE54-9A1E7A4F7556}") = "MonkeyQuest", "MonkeyQuest\MonkeyQuest.csproj", "{CE2CFC61-F462-4F1D-9398-DB2C68AF5C1F}"
EndProject
Project("{9A19103F-16F7-4668-BE54-9A1E7A4F7556}") = "MonkeyQuestMain", "MonkeyQuestMain\MonkeyQuestMain.csproj", "{B4CBD486-F890-4165-AE45-79D150BFA991}"
EndProject
Project("{9A19103F-16F7-4668-BE54-9A1E7A4F7556}") = "Tester", "Tester\Tester.csproj", "{D507F7B7-F558-4A23-87AF-EAC9A8DF44AE}"
EndProject
Global
	GlobalSection(SolutionConfigurationPlatforms) = preSolution
		Debug|x64 = Debug|x64
		Release|x64 = Release|x64
	EndGlobalSection
	GlobalSection(ProjectConfigurationPlatforms) = postSolution
		{CE2CFC61-F462-4F1D-9398-DB2C68AF5C1F}.Debug|x64.ActiveCfg = Debug|x64
		{CE2CFC61-F462-4F1D-9398-DB2C68AF5C1F}.Debug|x64.Build.0 = Debug|x64
		{CE2CFC61-F462-4F1D-9398-DB2C68AF5C1F}.Release|x64.ActiveCfg = Release|x64
		{CE2CFC61-F462-4F1D-9398-DB2C68AF5C1F}.Release|x64.Build.0 = Release|x64
		{B4CBD486-F890-4165-AE45-79D150BFA991}.Debug|x64.ActiveCfg = Debug|x64
		{B4CBD486-F890-4165-AE45-79D150BFA991}.Debug|x64.Build.0 = Debug|x64
		{B4CBD486-F890-4165-AE45-79D150BFA991}.Release|x64.ActiveCfg = Release|x64
		{B4CBD486-F890-4165-AE45-79D150BFA991}.Release|x64.Build.0 = Release|x64
		{D507F7B7-F558-4A23-87AF-EAC9A8DF44AE}.Debug|x64.ActiveCfg = Debug|x64
		{D507F7B7-F558-4A23-87AF-EAC9A8DF44AE}.Debug|x64.Build.0 = Debug|x64
		{D507F7B7-F558-4A23-87AF-EAC9A8DF44AE}.Release|x64.ActiveCfg = Release|x64
		{D507F7B7-F558-4A23-87AF-EAC9A8DF44AE}.Release|x64.Build.0 = Release|x64
	EndGlobalSection
	GlobalSection(SolutionProperties) = preSolution
		HideSolutionNode = FALSE
	EndGlobalSection
	GlobalSection(ExtensibilityGlobals) = postSolution
		SolutionGuid = {52D55007-C82B-480E-8091-6F8FA310CF43}
	EndGlobalSection
EndGlobal
